
Microsoft Visual Studio Solution File, Format Version 12.00
# Visual Studio 2013
VisualStudioVersion = 12.0.40629.0
MinimumVisualStudioVersion = 10.0.40219.1
Project("{FAE04EC0-301F-11D3-BF4B-00C04F79EFBC}") = "exenploFor1", "exenploFor1\exenploFor1.csproj", "{FC497AE4-AF5F-4869-9CE2-CCA30752744C}"
EndProject
Project("{FAE04EC0-301F-11D3-BF4B-00C04F79EFBC}") = "exrcicioForN1", "exrcicioForN1\exrcicioForN1.csproj", "{AA33B121-D919-4521-9913-B53690A6ACE4}"
EndProject
Global
	GlobalSection(SolutionConfigurationPlatforms) = preSolution
		Debug|Any CPU = Debug|Any CPU
		Release|Any CPU = Release|Any CPU
	EndGlobalSection
	GlobalSection(ProjectConfigurationPlatforms) = postSolution
		{FC497AE4-AF5F-4869-9CE2-CCA30752744C}.Debug|Any CPU.ActiveCfg = Debug|Any CPU
		{FC497AE4-AF5F-4869-9CE2-CCA30752744C}.Debug|Any CPU.Build.0 = Debug|Any CPU
		{FC497AE4-AF5F-4869-9CE2-CCA30752744C}.Release|Any CPU.ActiveCfg = Release|Any CPU
		{FC497AE4-AF5F-4869-9CE2-CCA30752744C}.Release|Any CPU.Build.0 = Release|Any CPU
		{AA33B121-D919-4521-9913-B53690A6ACE4}.Debug|Any CPU.ActiveCfg = Debug|Any CPU
		{AA33B121-D919-4521-9913-B53690A6ACE4}.Debug|Any CPU.Build.0 = Debug|Any CPU
		{AA33B121-D919-4521-9913-B53690A6ACE4}.Release|Any CPU.ActiveCfg = Release|Any CPU
		{AA33B121-D919-4521-9913-B53690A6ACE4}.Release|Any CPU.Build.0 = Release|Any CPU
	EndGlobalSection
	GlobalSection(SolutionProperties) = preSolution
		HideSolutionNode = FALSE
	EndGlobalSection
EndGlobal
